Microsoft Visual Studio Solution File, Format Version 12.00
# Visual Studio Version 17
VisualStudioVersion = 17.5.2.0
MinimumVisualStudioVersion = 10.0.40219.1
Project("{FAE04EC0-301F-11D3-BF4B-00C04F79EFBC}") = "Lab1_OOP_Variant9", "Lab1_OOP_Variant9\Lab1_OOP_Variant9.csproj", "{06C42281-94BF-5634-5F88-FCCC6A980BBE}"
EndProject
Global
	GlobalSection(SolutionConfigurationPlatforms) = preSolution
		Debug|Any CPU = Debug|Any CPU
		Release|Any CPU = Release|Any CPU
	EndGlobalSection
	GlobalSection(ProjectConfigurationPlatforms) = postSolution
		{06C42281-94BF-5634-5F88-FCCC6A980BBE}.Debug|Any CPU.ActiveCfg = Debug|Any CPU
		{06C42281-94BF-5634-5F88-FCCC6A980BBE}.Debug|Any CPU.Build.0 = Debug|Any CPU
		{06C42281-94BF-5634-5F88-FCCC6A980BBE}.Release|Any CPU.ActiveCfg = Release|Any CPU
		{06C42281-94BF-5634-5F88-FCCC6A980BBE}.Release|Any CPU.Build.0 = Release|Any CPU
	EndGlobalSection
	GlobalSection(SolutionProperties) = preSolution
		HideSolutionNode = FALSE
	EndGlobalSection
	GlobalSection(ExtensibilityGlobals) = postSolution
		SolutionGuid = {7DA2E089-8E4F-41C9-9366-47BFF65F80BE}
	EndGlobalSection
EndGlobal
